
Microsoft Visual Studio Solution File, Format Version 12.00
# Visual Studio Version 17
VisualStudioVersion = 17.11.35327.3
MinimumVisualStudioVersion = 10.0.40219.1
Project("{9A19103F-16F7-4668-BE54-9A1E7A4F7556}") = "Database", "Database\Database.csproj", "{16EA372D-821E-467B-87A8-94D15FAACB8A}"
EndProject
Project("{9A19103F-16F7-4668-BE54-9A1E7A4F7556}") = "Business", "Business\Business.csproj", "{C719CFC5-24E0-44DB-A03D-B0D3436202FE}"
EndProject
Project("{2150E333-8FDC-42A3-9474-1A3956D46DE8}") = "Presentation", "Presentation", "{A2B8BDA1-E59D-477D-937C-2BF4E4BD8E41}"
EndProject
Project("{9A19103F-16F7-4668-BE54-9A1E7A4F7556}") = "Desktop", "Desktop\Desktop.csproj", "{55995C8F-3086-4FB8-A2FC-682E2DC06376}"
EndProject
Project("{9A19103F-16F7-4668-BE54-9A1E7A4F7556}") = "Web", "Web\Web.csproj", "{C12515DA-0DF0-4375-8D60-5C1FDDF3EF02}"
EndProject
Project("{9A19103F-16F7-4668-BE54-9A1E7A4F7556}") = "Api", "Api\Api.csproj", "{B82F834F-9F4A-4133-BC2B-4656183A6D20}"
EndProject
Project("{2150E333-8FDC-42A3-9474-1A3956D46DE8}") = "Test", "Test", "{6F856489-67C3-4894-B714-7ED8C7F08985}"
EndProject
Project("{9A19103F-16F7-4668-BE54-9A1E7A4F7556}") = "DBTest", "DBTest\DBTest.csproj", "{65AAD1EB-395B-4B46-B4F4-5A344A1C632F}"
EndProject
Project("{9A19103F-16F7-4668-BE54-9A1E7A4F7556}") = "BusinessTest", "BusinessTest\BusinessTest.csproj", "{1AC06C9C-E155-46DD-BDEE-7AE5BEA3C17E}"
EndProject
Global
	GlobalSection(SolutionConfigurationPlatforms) = preSolution
		Debug|Any CPU = Debug|Any CPU
		Release|Any CPU = Release|Any CPU
	EndGlobalSection
	GlobalSection(ProjectConfigurationPlatforms) = postSolution
		{16EA372D-821E-467B-87A8-94D15FAACB8A}.Debug|Any CPU.ActiveCfg = Debug|Any CPU
		{16EA372D-821E-467B-87A8-94D15FAACB8A}.Debug|Any CPU.Build.0 = Debug|Any CPU
		{16EA372D-821E-467B-87A8-94D15FAACB8A}.Release|Any CPU.ActiveCfg = Release|Any CPU
		{16EA372D-821E-467B-87A8-94D15FAACB8A}.Release|Any CPU.Build.0 = Release|Any CPU
		{C719CFC5-24E0-44DB-A03D-B0D3436202FE}.Debug|Any CPU.ActiveCfg = Debug|Any CPU
		{C719CFC5-24E0-44DB-A03D-B0D3436202FE}.Debug|Any CPU.Build.0 = Debug|Any CPU
		{C719CFC5-24E0-44DB-A03D-B0D3436202FE}.Release|Any CPU.ActiveCfg = Release|Any CPU
		{C719CFC5-24E0-44DB-A03D-B0D3436202FE}.Release|Any CPU.Build.0 = Release|Any CPU
		{55995C8F-3086-4FB8-A2FC-682E2DC06376}.Debug|Any CPU.ActiveCfg = Debug|Any CPU
		{55995C8F-3086-4FB8-A2FC-682E2DC06376}.Debug|Any CPU.Build.0 = Debug|Any CPU
		{55995C8F-3086-4FB8-A2FC-682E2DC06376}.Release|Any CPU.ActiveCfg = Release|Any CPU
		{55995C8F-3086-4FB8-A2FC-682E2DC06376}.Release|Any CPU.Build.0 = Release|Any CPU
		{C12515DA-0DF0-4375-8D60-5C1FDDF3EF02}.Debug|Any CPU.ActiveCfg = Debug|Any CPU
		{C12515DA-0DF0-4375-8D60-5C1FDDF3EF02}.Debug|Any CPU.Build.0 = Debug|Any CPU
		{C12515DA-0DF0-4375-8D60-5C1FDDF3EF02}.Release|Any CPU.ActiveCfg = Release|Any CPU
		{C12515DA-0DF0-4375-8D60-5C1FDDF3EF02}.Release|Any CPU.Build.0 = Release|Any CPU
		{B82F834F-9F4A-4133-BC2B-4656183A6D20}.Debug|Any CPU.ActiveCfg = Debug|Any CPU
		{B82F834F-9F4A-4133-BC2B-4656183A6D20}.Debug|Any CPU.Build.0 = Debug|Any CPU
		{B82F834F-9F4A-4133-BC2B-4656183A6D20}.Release|Any CPU.ActiveCfg = Release|Any CPU
		{B82F834F-9F4A-4133-BC2B-4656183A6D20}.Release|Any CPU.Build.0 = Release|Any CPU
		{65AAD1EB-395B-4B46-B4F4-5A344A1C632F}.Debug|Any CPU.ActiveCfg = Debug|Any CPU
		{65AAD1EB-395B-4B46-B4F4-5A344A1C632F}.Debug|Any CPU.Build.0 = Debug|Any CPU
		{65AAD1EB-395B-4B46-B4F4-5A344A1C632F}.Release|Any CPU.ActiveCfg = Release|Any CPU
		{65AAD1EB-395B-4B46-B4F4-5A344A1C632F}.Release|Any CPU.Build.0 = Release|Any CPU
		{1AC06C9C-E155-46DD-BDEE-7AE5BEA3C17E}.Debug|Any CPU.ActiveCfg = Debug|Any CPU
		{1AC06C9C-E155-46DD-BDEE-7AE5BEA3C17E}.Debug|Any CPU.Build.0 = Debug|Any CPU
		{1AC06C9C-E155-46DD-BDEE-7AE5BEA3C17E}.Release|Any CPU.ActiveCfg = Release|Any CPU
		{1AC06C9C-E155-46DD-BDEE-7AE5BEA3C17E}.Release|Any CPU.Build.0 = Release|Any CPU
	EndGlobalSection
	GlobalSection(SolutionProperties) = preSolution
		HideSolutionNode = FALSE
	EndGlobalSection
	GlobalSection(NestedProjects) = preSolution
		{55995C8F-3086-4FB8-A2FC-682E2DC06376} = {A2B8BDA1-E59D-477D-937C-2BF4E4BD8E41}
		{C12515DA-0DF0-4375-8D60-5C1FDDF3EF02} = {A2B8BDA1-E59D-477D-937C-2BF4E4BD8E41}
		{B82F834F-9F4A-4133-BC2B-4656183A6D20} = {A2B8BDA1-E59D-477D-937C-2BF4E4BD8E41}
		{65AAD1EB-395B-4B46-B4F4-5A344A1C632F} = {6F856489-67C3-4894-B714-7ED8C7F08985}
		{1AC06C9C-E155-46DD-BDEE-7AE5BEA3C17E} = {6F856489-67C3-4894-B714-7ED8C7F08985}
	EndGlobalSection
	GlobalSection(ExtensibilityGlobals) = postSolution
		SolutionGuid = {5B3429F9-3827-44AC-A5F6-EB1C80D1BC7E}
	EndGlobalSection
EndGlobal
